// !$*UTF8*$!
{
	archiveVersion = 1;
	classes = {
	};
	objectVersion = 50;
	objects = {

/* Begin PBXBuildFile section */
		8F59EBEA26861AEB008D3F7C /* NavigationMenuView.swift in Sources */ = {isa = PBXBuildFile; fileRef = 8F59EBE926861AEA008D3F7C /* NavigationMenuView.swift */; };
		8F59EBEB26861AEB008D3F7C /* NavigationMenuView.swift in Sources */ = {isa = PBXBuildFile; fileRef = 8F59EBE926861AEA008D3F7C /* NavigationMenuView.swift */; };
		8F59EBEC26861AEB008D3F7C /* NavigationMenuView.swift in Sources */ = {isa = PBXBuildFile; fileRef = 8F59EBE926861AEA008D3F7C /* NavigationMenuView.swift */; };
		8F59EBEE2688C8AD008D3F7C /* AboutView.swift in Sources */ = {isa = PBXBuildFile; fileRef = 8F59EBED2688C8AC008D3F7C /* AboutView.swift */; };
		8F59EBEF2688C8AD008D3F7C /* AboutView.swift in Sources */ = {isa = PBXBuildFile; fileRef = 8F59EBED2688C8AC008D3F7C /* AboutView.swift */; };
		8F59EBF02688C8AD008D3F7C /* AboutView.swift in Sources */ = {isa = PBXBuildFile; fileRef = 8F59EBED2688C8AC008D3F7C /* AboutView.swift */; };
		8F59EBF6268A1664008D3F7C /* Models.swift in Sources */ = {isa = PBXBuildFile; fileRef = 8F59EBF5268A1663008D3F7C /* Models.swift */; };
		8F59EBF7268A1664008D3F7C /* Models.swift in Sources */ = {isa = PBXBuildFile; fileRef = 8F59EBF5268A1663008D3F7C /* Models.swift */; };
		8F59EBF8268A1664008D3F7C /* Models.swift in Sources */ = {isa = PBXBuildFile; fileRef = 8F59EBF5268A1663008D3F7C /* Models.swift */; };
		8F5C4DC8267B86BB003A498A /* Covid_appApp.swift in Sources */ = {isa = PBXBuildFile; fileRef = 8F5C4DC7267B86BB003A498A /* Covid_appApp.swift */; };
		8F5C4DCA267B86BB003A498A /* CovidStatsView.swift in Sources */ = {isa = PBXBuildFile; fileRef = 8F5C4DC9267B86BB003A498A /* CovidStatsView.swift */; };
		8F5C4DCC267B86BC003A498A /* Assets.xcassets in Resources */ = {isa = PBXBuildFile; fileRef = 8F5C4DCB267B86BC003A498A /* Assets.xcassets */; };
		8F5C4DCF267B86BC003A498A /* Preview Assets.xcassets in Resources */ = {isa = PBXBuildFile; fileRef = 8F5C4DCE267B86BC003A498A /* Preview Assets.xcassets */; };
		8F5C4DDA267B86BD003A498A /* Covid_appTests.swift in Sources */ = {isa = PBXBuildFile; fileRef = 8F5C4DD9267B86BD003A498A /* Covid_appTests.swift */; };
		8F5C4DE5267B86BD003A498A /* Covid_appUITests.swift in Sources */ = {isa = PBXBuildFile; fileRef = 8F5C4DE4267B86BD003A498A /* Covid_appUITests.swift */; };
		8FC62EC126A9B43A001B9E49 /* DataFetch.swift in Sources */ = {isa = PBXBuildFile; fileRef = 8FC62EC026A9B43A001B9E49 /* DataFetch.swift */; };
		8FE5E0A32684C9F400FE9BF6 /* Roboto-Medium.ttf in Resources */ = {isa = PBXBuildFile; fileRef = 8FE5E0902684C9F400FE9BF6 /* Roboto-Medium.ttf */; };
		8FE5E0A42684C9F400FE9BF6 /* Roboto-Medium.ttf in Resources */ = {isa = PBXBuildFile; fileRef = 8FE5E0902684C9F400FE9BF6 /* Roboto-Medium.ttf */; };
		8FE5E0A52684C9F400FE9BF6 /* Roboto-Medium.ttf in Resources */ = {isa = PBXBuildFile; fileRef = 8FE5E0902684C9F400FE9BF6 /* Roboto-Medium.ttf */; };
		8FE5E0A62684C9F400FE9BF6 /* Roboto-Light.ttf in Resources */ = {isa = PBXBuildFile; fileRef = 8FE5E0912684C9F400FE9BF6 /* Roboto-Light.ttf */; };
		8FE5E0A72684C9F400FE9BF6 /* Roboto-Light.ttf in Resources */ = {isa = PBXBuildFile; fileRef = 8FE5E0912684C9F400FE9BF6 /* Roboto-Light.ttf */; };
		8FE5E0A82684C9F400FE9BF6 /* Roboto-Light.ttf in Resources */ = {isa = PBXBuildFile; fileRef = 8FE5E0912684C9F400FE9BF6 /* Roboto-Light.ttf */; };
		8FE5E0A92684C9F400FE9BF6 /* RobotoCondensed-Bold.ttf in Resources */ = {isa = PBXBuildFile; fileRef = 8FE5E0922684C9F400FE9BF6 /* RobotoCondensed-Bold.ttf */; };
		8FE5E0AA2684C9F400FE9BF6 /* RobotoCondensed-Bold.ttf in Resources */ = {isa = PBXBuildFile; fileRef = 8FE5E0922684C9F400FE9BF6 /* RobotoCondensed-Bold.ttf */; };
		8FE5E0AB2684C9F400FE9BF6 /* RobotoCondensed-Bold.ttf in Resources */ = {isa = PBXBuildFile; fileRef = 8FE5E0922684C9F400FE9BF6 /* RobotoCondensed-Bold.ttf */; };
		8FE5E0AC2684C9F400FE9BF6 /* RobotoCondensed-Light.ttf in Resources */ = {isa = PBXBuildFile; fileRef = 8FE5E0932684C9F400FE9BF6 /* RobotoCondensed-Light.ttf */; };
		8FE5E0AD2684C9F400FE9BF6 /* RobotoCondensed-Light.ttf in Resources */ = {isa = PBXBuildFile; fileRef = 8FE5E0932684C9F400FE9BF6 /* RobotoCondensed-Light.ttf */; };
		8FE5E0AE2684C9F400FE9BF6 /* RobotoCondensed-Light.ttf in Resources */ = {isa = PBXBuildFile; fileRef = 8FE5E0932684C9F400FE9BF6 /* RobotoCondensed-Light.ttf */; };
		8FE5E0AF2684C9F400FE9BF6 /* Roboto-Regular.ttf in Resources */ = {isa = PBXBuildFile; fileRef = 8FE5E0942684C9F400FE9BF6 /* Roboto-Regular.ttf */; };
		8FE5E0B02684C9F400FE9BF6 /* Roboto-Regular.ttf in Resources */ = {isa = PBXBuildFile; fileRef = 8FE5E0942684C9F400FE9BF6 /* Roboto-Regular.ttf */; };
		8FE5E0B12684C9F400FE9BF6 /* Roboto-Regular.ttf in Resources */ = {isa = PBXBuildFile; fileRef = 8FE5E0942684C9F400FE9BF6 /* Roboto-Regular.ttf */; };
		8FE5E0B22684C9F400FE9BF6 /* Roboto-MediumItalic.ttf in Resources */ = {isa = PBXBuildFile; fileRef = 8FE5E0952684C9F400FE9BF6 /* Roboto-MediumItalic.ttf */; };
		8FE5E0B32684C9F400FE9BF6 /* Roboto-MediumItalic.ttf in Resources */ = {isa = PBXBuildFile; fileRef = 8FE5E0952684C9F400FE9BF6 /* Roboto-MediumItalic.ttf */; };
		8FE5E0B42684C9F400FE9BF6 /* Roboto-MediumItalic.ttf in Resources */ = {isa = PBXBuildFile; fileRef = 8FE5E0952684C9F400FE9BF6 /* Roboto-MediumItalic.ttf */; };
		8FE5E0B52684C9F400FE9BF6 /* RobotoCondensed-Italic.ttf in Resources */ = {isa = PBXBuildFile; fileRef = 8FE5E0962684C9F400FE9BF6 /* RobotoCondensed-Italic.ttf */; };
		8FE5E0B62684C9F400FE9BF6 /* RobotoCondensed-Italic.ttf in Resources */ = {isa = PBXBuildFile; fileRef = 8FE5E0962684C9F400FE9BF6 /* RobotoCondensed-Italic.ttf */; };
		8FE5E0B72684C9F400FE9BF6 /* RobotoCondensed-Italic.ttf in Resources */ = {isa = PBXBuildFile; fileRef = 8FE5E0962684C9F400FE9BF6 /* RobotoCondensed-Italic.ttf */; };
		8FE5E0B82684C9F400FE9BF6 /* RobotoCondensed-BoldItalic.ttf in Resources */ = {isa = PBXBuildFile; fileRef = 8FE5E0972684C9F400FE9BF6 /* RobotoCondensed-BoldItalic.ttf */; };
		8FE5E0B92684C9F400FE9BF6 /* RobotoCondensed-BoldItalic.ttf in Resources */ = {isa = PBXBuildFile; fileRef = 8FE5E0972684C9F400FE9BF6 /* RobotoCondensed-BoldItalic.ttf */; };
		8FE5E0BA2684C9F400FE9BF6 /* RobotoCondensed-BoldItalic.ttf in Resources */ = {isa = PBXBuildFile; fileRef = 8FE5E0972684C9F400FE9BF6 /* RobotoCondensed-BoldItalic.ttf */; };
		8FE5E0BB2684C9F400FE9BF6 /* Apache License.txt in Resources */ = {isa = PBXBuildFile; fileRef = 8FE5E0982684C9F400FE9BF6 /* Apache License.txt */; };
		8FE5E0BC2684C9F400FE9BF6 /* Apache License.txt in Resources */ = {isa = PBXBuildFile; fileRef = 8FE5E0982684C9F400FE9BF6 /* Apache License.txt */; };
		8FE5E0BD2684C9F400FE9BF6 /* Apache License.txt in Resources */ = {isa = PBXBuildFile; fileRef = 8FE5E0982684C9F400FE9BF6 /* Apache License.txt */; };
		8FE5E0BE2684C9F400FE9BF6 /* RobotoCondensed-LightItalic.ttf in Resources */ = {isa = PBXBuildFile; fileRef = 8FE5E0992684C9F400FE9BF6 /* RobotoCondensed-LightItalic.ttf */; };
		8FE5E0BF2684C9F400FE9BF6 /* RobotoCondensed-LightItalic.ttf in Resources */ = {isa = PBXBuildFile; fileRef = 8FE5E0992684C9F400FE9BF6 /* RobotoCondensed-LightItalic.ttf */; };
		8FE5E0C02684C9F400FE9BF6 /* RobotoCondensed-LightItalic.ttf in Resources */ = {isa = PBXBuildFile; fileRef = 8FE5E0992684C9F400FE9BF6 /* RobotoCondensed-LightItalic.ttf */; };
		8FE5E0C12684C9F400FE9BF6 /* Roboto-ThinItalic.ttf in Resources */ = {isa = PBXBuildFile; fileRef = 8FE5E09A2684C9F400FE9BF6 /* Roboto-ThinItalic.ttf */; };
		8FE5E0C22684C9F400FE9BF6 /* Roboto-ThinItalic.ttf in Resources */ = {isa = PBXBuildFile; fileRef = 8FE5E09A2684C9F400FE9BF6 /* Roboto-ThinItalic.ttf */; };
		8FE5E0C32684C9F400FE9BF6 /* Roboto-ThinItalic.ttf in Resources */ = {isa = PBXBuildFile; fileRef = 8FE5E09A2684C9F400FE9BF6 /* Roboto-ThinItalic.ttf */; };
		8FE5E0C42684C9F400FE9BF6 /* RobotoCondensed-Regular.ttf in Resources */ = {isa = PBXBuildFile; fileRef = 8FE5E09B2684C9F400FE9BF6 /* RobotoCondensed-Regular.ttf */; };
		8FE5E0C52684C9F400FE9BF6 /* RobotoCondensed-Regular.ttf in Resources */ = {isa = PBXBuildFile; fileRef = 8FE5E09B2684C9F400FE9BF6 /* RobotoCondensed-Regular.ttf */; };
		8FE5E0C62684C9F400FE9BF6 /* RobotoCondensed-Regular.ttf in Resources */ = {isa = PBXBuildFile; fileRef = 8FE5E09B2684C9F400FE9BF6 /* RobotoCondensed-Regular.ttf */; };
		8FE5E0C72684C9F400FE9BF6 /* Roboto-BoldItalic.ttf in Resources */ = {isa = PBXBuildFile; fileRef = 8FE5E09C2684C9F400FE9BF6 /* Roboto-BoldItalic.ttf */; };
		8FE5E0C82684C9F400FE9BF6 /* Roboto-BoldItalic.ttf in Resources */ = {isa = PBXBuildFile; fileRef = 8FE5E09C2684C9F400FE9BF6 /* Roboto-BoldItalic.ttf */; };
		8FE5E0C92684C9F400FE9BF6 /* Roboto-BoldItalic.ttf in Resources */ = {isa = PBXBuildFile; fileRef = 8FE5E09C2684C9F400FE9BF6 /* Roboto-BoldItalic.ttf */; };
		8FE5E0CA2684C9F400FE9BF6 /* Roboto-LightItalic.ttf in Resources */ = {isa = PBXBuildFile; fileRef = 8FE5E09D2684C9F400FE9BF6 /* Roboto-LightItalic.ttf */; };
		8FE5E0CB2684C9F400FE9BF6 /* Roboto-LightItalic.ttf in Resources */ = {isa = PBXBuildFile; fileRef = 8FE5E09D2684C9F400FE9BF6 /* Roboto-LightItalic.ttf */; };
		8FE5E0CC2684C9F400FE9BF6 /* Roboto-LightItalic.ttf in Resources */ = {isa = PBXBuildFile; fileRef = 8FE5E09D2684C9F400FE9BF6 /* Roboto-LightItalic.ttf */; };
		8FE5E0CD2684C9F400FE9BF6 /* Roboto-Italic.ttf in Resources */ = {isa = PBXBuildFile; fileRef = 8FE5E09E2684C9F400FE9BF6 /* Roboto-Italic.ttf */; };
		8FE5E0CE2684C9F400FE9BF6 /* Roboto-Italic.ttf in Resources */ = {isa = PBXBuildFile; fileRef = 8FE5E09E2684C9F400FE9BF6 /* Roboto-Italic.ttf */; };
		8FE5E0CF2684C9F400FE9BF6 /* Roboto-Italic.ttf in Resources */ = {isa = PBXBuildFile; fileRef = 8FE5E09E2684C9F400FE9BF6 /* Roboto-Italic.ttf */; };
		8FE5E0D02684C9F400FE9BF6 /* Roboto-BlackItalic.ttf in Resources */ = {isa = PBXBuildFile; fileRef = 8FE5E09F2684C9F400FE9BF6 /* Roboto-BlackItalic.ttf */; };
		8FE5E0D12684C9F400FE9BF6 /* Roboto-BlackItalic.ttf in Resources */ = {isa = PBXBuildFile; fileRef = 8FE5E09F2684C9F400FE9BF6 /* Roboto-BlackItalic.ttf */; };
		8FE5E0D22684C9F400FE9BF6 /* Roboto-BlackItalic.ttf in Resources */ = {isa = PBXBuildFile; fileRef = 8FE5E09F2684C9F400FE9BF6 /* Roboto-BlackItalic.ttf */; };
		8FE5E0D32684C9F400FE9BF6 /* Roboto-Bold.ttf in Resources */ = {isa = PBXBuildFile; fileRef = 8FE5E0A02684C9F400FE9BF6 /* Roboto-Bold.ttf */; };
		8FE5E0D42684C9F400FE9BF6 /* Roboto-Bold.ttf in Resources */ = {isa = PBXBuildFile; fileRef = 8FE5E0A02684C9F400FE9BF6 /* Roboto-Bold.ttf */; };
		8FE5E0D52684C9F400FE9BF6 /* Roboto-Bold.ttf in Resources */ = {isa = PBXBuildFile; fileRef = 8FE5E0A02684C9F400FE9BF6 /* Roboto-Bold.ttf */; };
		8FE5E0D62684C9F400FE9BF6 /* Roboto-Thin.ttf in Resources */ = {isa = PBXBuildFile; fileRef = 8FE5E0A12684C9F400FE9BF6 /* Roboto-Thin.ttf */; };
		8FE5E0D72684C9F400FE9BF6 /* Roboto-Thin.ttf in Resources */ = {isa = PBXBuildFile; fileRef = 8FE5E0A12684C9F400FE9BF6 /* Roboto-Thin.ttf */; };
		8FE5E0D82684C9F400FE9BF6 /* Roboto-Thin.ttf in Resources */ = {isa = PBXBuildFile; fileRef = 8FE5E0A12684C9F400FE9BF6 /* Roboto-Thin.ttf */; };
		8FE5E0D92684C9F400FE9BF6 /* Roboto-Black.ttf in Resources */ = {isa = PBXBuildFile; fileRef = 8FE5E0A22684C9F400FE9BF6 /* Roboto-Black.ttf */; };
		8FE5E0DA2684C9F400FE9BF6 /* Roboto-Black.ttf in Resources */ = {isa = PBXBuildFile; fileRef = 8FE5E0A22684C9F400FE9BF6 /* Roboto-Black.ttf */; };
		8FE5E0DB2684C9F400FE9BF6 /* Roboto-Black.ttf in Resources */ = {isa = PBXBuildFile; fileRef = 8FE5E0A22684C9F400FE9BF6 /* Roboto-Black.ttf */; };
/* End PBXBuildFile section */

/* Begin PBXContainerItemProxy section */
		8F5C4DD6267B86BD003A498A /* PBXContainerItemProxy */ = {
			isa = PBXContainerItemProxy;
			containerPortal = 8F5C4DBC267B86BB003A498A /* Project object */;
			proxyType = 1;
			remoteGlobalIDString = 8F5C4DC3267B86BB003A498A;
			remoteInfo = "Covid app";
		};
		8F5C4DE1267B86BD003A498A /* PBXContainerItemProxy */ = {
			isa = PBXContainerItemProxy;
			containerPortal = 8F5C4DBC267B86BB003A498A /* Project object */;
			proxyType = 1;
			remoteGlobalIDString = 8F5C4DC3267B86BB003A498A;
			remoteInfo = "Covid app";
		};
/* End PBXContainerItemProxy section */

/* Begin PBXFileReference section */
		8F59EBE926861AEA008D3F7C /* NavigationMenuView.swift */ = {isa = PBXFileReference; lastKnownFileType = sourcecode.swift; path = NavigationMenuView.swift; sourceTree = "<group>"; };
		8F59EBED2688C8AC008D3F7C /* AboutView.swift */ = {isa = PBXFileReference; lastKnownFileType = sourcecode.swift; path = AboutView.swift; sourceTree = "<group>"; };
		8F59EBF5268A1663008D3F7C /* Models.swift */ = {isa = PBXFileReference; lastKnownFileType = sourcecode.swift; path = Models.swift; sourceTree = "<group>"; };
		8F5C4DC4267B86BB003A498A /* Covid app.app */ = {isa = PBXFileReference; explicitFileType = wrapper.application; includeInIndex = 0; path = "Covid app.app"; sourceTree = BUILT_PRODUCTS_DIR; };
		8F5C4DC7267B86BB003A498A /* Covid_appApp.swift */ = {isa = PBXFileReference; lastKnownFileType = sourcecode.swift; path = Covid_appApp.swift; sourceTree = "<group>"; };
		8F5C4DC9267B86BB003A498A /* CovidStatsView.swift */ = {isa = PBXFileReference; lastKnownFileType = sourcecode.swift; path = CovidStatsView.swift; sourceTree = "<group>"; };
		8F5C4DCB267B86BC003A498A /* Assets.xcassets */ = {isa = PBXFileReference; lastKnownFileType = folder.assetcatalog; path = Assets.xcassets; sourceTree = "<group>"; };
		8F5C4DCE267B86BC003A498A /* Preview Assets.xcassets */ = {isa = PBXFileReference; lastKnownFileType = folder.assetcatalog; path = "Preview Assets.xcassets"; sourceTree = "<group>"; };
		8F5C4DD0267B86BC003A498A /* Info.plist */ = {isa = PBXFileReference; lastKnownFileType = text.plist.xml; path = Info.plist; sourceTree = "<group>"; };
		8F5C4DD5267B86BD003A498A /* Covid appTests.xctest */ = {isa = PBXFileReference; explicitFileType = wrapper.cfbundle; includeInIndex = 0; path = "Covid appTests.xctest"; sourceTree = BUILT_PRODUCTS_DIR; };
		8F5C4DD9267B86BD003A498A /* Covid_appTests.swift */ = {isa = PBXFileReference; lastKnownFileType = sourcecode.swift; path = Covid_appTests.swift; sourceTree = "<group>"; };
		8F5C4DDB267B86BD003A498A /* Info.plist */ = {isa = PBXFileReference; lastKnownFileType = text.plist.xml; path = Info.plist; sourceTree = "<group>"; };
		8F5C4DE0267B86BD003A498A /* Covid appUITests.xctest */ = {isa = PBXFileReference; explicitFileType = wrapper.cfbundle; includeInIndex = 0; path = "Covid appUITests.xctest"; sourceTree = BUILT_PRODUCTS_DIR; };
		8F5C4DE4267B86BD003A498A /* Covid_appUITests.swift */ = {isa = PBXFileReference; lastKnownFileType = sourcecode.swift; path = Covid_appUITests.swift; sourceTree = "<group>"; };
		8F5C4DE6267B86BD003A498A /* Info.plist */ = {isa = PBXFileReference; lastKnownFileType = text.plist.xml; path = Info.plist; sourceTree = "<group>"; };
		8FC62EC026A9B43A001B9E49 /* DataFetch.swift */ = {isa = PBXFileReference; lastKnownFileType = sourcecode.swift; path = DataFetch.swift; sourceTree = "<group>"; };
		8FE5E0902684C9F400FE9BF6 /* Roboto-Medium.ttf */ = {isa = PBXFileReference; lastKnownFileType = file; path = "Roboto-Medium.ttf"; sourceTree = "<group>"; };
		8FE5E0912684C9F400FE9BF6 /* Roboto-Light.ttf */ = {isa = PBXFileReference; lastKnownFileType = file; path = "Roboto-Light.ttf"; sourceTree = "<group>"; };
		8FE5E0922684C9F400FE9BF6 /* RobotoCondensed-Bold.ttf */ = {isa = PBXFileReference; lastKnownFileType = file; path = "RobotoCondensed-Bold.ttf"; sourceTree = "<group>"; };
		8FE5E0932684C9F400FE9BF6 /* RobotoCondensed-Light.ttf */ = {isa = PBXFileReference; lastKnownFileType = file; path = "RobotoCondensed-Light.ttf"; sourceTree = "<group>"; };
		8FE5E0942684C9F400FE9BF6 /* Roboto-Regular.ttf */ = {isa = PBXFileReference; lastKnownFileType = file; path = "Roboto-Regular.ttf"; sourceTree = "<group>"; };
		8FE5E0952684C9F400FE9BF6 /* Roboto-MediumItalic.ttf */ = {isa = PBXFileReference; lastKnownFileType = file; path = "Roboto-MediumItalic.ttf"; sourceTree = "<group>"; };
		8FE5E0962684C9F400FE9BF6 /* RobotoCondensed-Italic.ttf */ = {isa = PBXFileReference; lastKnownFileType = file; path = "RobotoCondensed-Italic.ttf"; sourceTree = "<group>"; };
		8FE5E0972684C9F400FE9BF6 /* RobotoCondensed-BoldItalic.ttf */ = {isa = PBXFileReference; lastKnownFileType = file; path = "RobotoCondensed-BoldItalic.ttf"; sourceTree = "<group>"; };
		8FE5E0982684C9F400FE9BF6 /* Apache License.txt */ = {isa = PBXFileReference; fileEncoding = 4; lastKnownFileType = text; path = "Apache License.txt"; sourceTree = "<group>"; };
		8FE5E0992684C9F400FE9BF6 /* RobotoCondensed-LightItalic.ttf */ = {isa = PBXFileReference; lastKnownFileType = file; path = "RobotoCondensed-LightItalic.ttf"; sourceTree = "<group>"; };
		8FE5E09A2684C9F400FE9BF6 /* Roboto-ThinItalic.ttf */ = {isa = PBXFileReference; lastKnownFileType = file; path = "Roboto-ThinItalic.ttf"; sourceTree = "<group>"; };
		8FE5E09B2684C9F400FE9BF6 /* RobotoCondensed-Regular.ttf */ = {isa = PBXFileReference; lastKnownFileType = file; path = "RobotoCondensed-Regular.ttf"; sourceTree = "<group>"; };
		8FE5E09C2684C9F400FE9BF6 /* Roboto-BoldItalic.ttf */ = {isa = PBXFileReference; lastKnownFileType = file; path = "Roboto-BoldItalic.ttf"; sourceTree = "<group>"; };
		8FE5E09D2684C9F400FE9BF6 /* Roboto-LightItalic.ttf */ = {isa = PBXFileReference; lastKnownFileType = file; path = "Roboto-LightItalic.ttf"; sourceTree = "<group>"; };
		8FE5E09E2684C9F400FE9BF6 /* Roboto-Italic.ttf */ = {isa = PBXFileReference; lastKnownFileType = file; path = "Roboto-Italic.ttf"; sourceTree = "<group>"; };
		8FE5E09F2684C9F400FE9BF6 /* Roboto-BlackItalic.ttf */ = {isa = PBXFileReference; lastKnownFileType = file; path = "Roboto-BlackItalic.ttf"; sourceTree = "<group>"; };
		8FE5E0A02684C9F400FE9BF6 /* Roboto-Bold.ttf */ = {isa = PBXFileReference; lastKnownFileType = file; path = "Roboto-Bold.ttf"; sourceTree = "<group>"; };
		8FE5E0A12684C9F400FE9BF6 /* Roboto-Thin.ttf */ = {isa = PBXFileReference; lastKnownFileType = file; path = "Roboto-Thin.ttf"; sourceTree = "<group>"; };
		8FE5E0A22684C9F400FE9BF6 /* Roboto-Black.ttf */ = {isa = PBXFileReference; lastKnownFileType = file; path = "Roboto-Black.ttf"; sourceTree = "<group>"; };
/* End PBXFileReference section */

/* Begin PBXFrameworksBuildPhase section */
		8F5C4DC1267B86BB003A498A /* Frameworks */ = {
			isa = PBXFrameworksBuildPhase;
			buildActionMask = 2147483647;
			files = (
			);
			runOnlyForDeploymentPostprocessing = 0;
		};
		8F5C4DD2267B86BD003A498A /* Frameworks */ = {
			isa = PBXFrameworksBuildPhase;
			buildActionMask = 2147483647;
			files = (
			);
			runOnlyForDeploymentPostprocessing = 0;
		};
		8F5C4DDD267B86BD003A498A /* Frameworks */ = {
			isa = PBXFrameworksBuildPhase;
			buildActionMask = 2147483647;
			files = (
			);
			runOnlyForDeploymentPostprocessing = 0;
		};
/* End PBXFrameworksBuildPhase section */

/* Begin PBXGroup section */
		8F5C4DBB267B86BB003A498A = {
			isa = PBXGroup;
			children = (
				8FE5E08E2684C9F400FE9BF6 /* Ressources */,
				8F5C4DC6267B86BB003A498A /* Covid app */,
				8F5C4DD8267B86BD003A498A /* Covid appTests */,
				8F5C4DE3267B86BD003A498A /* Covid appUITests */,
				8F5C4DC5267B86BB003A498A /* Products */,
			);
			sourceTree = "<group>";
		};
		8F5C4DC5267B86BB003A498A /* Products */ = {
			isa = PBXGroup;
			children = (
				8F5C4DC4267B86BB003A498A /* Covid app.app */,
				8F5C4DD5267B86BD003A498A /* Covid appTests.xctest */,
				8F5C4DE0267B86BD003A498A /* Covid appUITests.xctest */,
			);
			name = Products;
			sourceTree = "<group>";
		};
		8F5C4DC6267B86BB003A498A /* Covid app */ = {
			isa = PBXGroup;
			children = (
				8FC62EC026A9B43A001B9E49 /* DataFetch.swift */,
				8F5C4DC7267B86BB003A498A /* Covid_appApp.swift */,
				8F59EBF5268A1663008D3F7C /* Models.swift */,
				8F5C4DC9267B86BB003A498A /* CovidStatsView.swift */,
				8F59EBED2688C8AC008D3F7C /* AboutView.swift */,
				8F59EBE926861AEA008D3F7C /* NavigationMenuView.swift */,
				8F5C4DCB267B86BC003A498A /* Assets.xcassets */,
				8F5C4DD0267B86BC003A498A /* Info.plist */,
				8F5C4DCD267B86BC003A498A /* Preview Content */,
			);
			path = "Covid app";
			sourceTree = "<group>";
		};
		8F5C4DCD267B86BC003A498A /* Preview Content */ = {
			isa = PBXGroup;
			children = (
				8F5C4DCE267B86BC003A498A /* Preview Assets.xcassets */,
			);
			path = "Preview Content";
			sourceTree = "<group>";
		};
		8F5C4DD8267B86BD003A498A /* Covid appTests */ = {
			isa = PBXGroup;
			children = (
				8F5C4DD9267B86BD003A498A /* Covid_appTests.swift */,
				8F5C4DDB267B86BD003A498A /* Info.plist */,
			);
			path = "Covid appTests";
			sourceTree = "<group>";
		};
		8F5C4DE3267B86BD003A498A /* Covid appUITests */ = {
			isa = PBXGroup;
			children = (
				8F5C4DE4267B86BD003A498A /* Covid_appUITests.swift */,
				8F5C4DE6267B86BD003A498A /* Info.plist */,
			);
			path = "Covid appUITests";
			sourceTree = "<group>";
		};
		8FE5E08E2684C9F400FE9BF6 /* Ressources */ = {
			isa = PBXGroup;
			children = (
				8FE5E08F2684C9F400FE9BF6 /* roboto */,
			);
			path = Ressources;
			sourceTree = "<group>";
		};
		8FE5E08F2684C9F400FE9BF6 /* roboto */ = {
			isa = PBXGroup;
			children = (
				8FE5E0902684C9F400FE9BF6 /* Roboto-Medium.ttf */,
				8FE5E0912684C9F400FE9BF6 /* Roboto-Light.ttf */,
				8FE5E0922684C9F400FE9BF6 /* RobotoCondensed-Bold.ttf */,
				8FE5E0932684C9F400FE9BF6 /* RobotoCondensed-Light.ttf */,
				8FE5E0942684C9F400FE9BF6 /* Roboto-Regular.ttf */,
				8FE5E0952684C9F400FE9BF6 /* Roboto-MediumItalic.ttf */,
				8FE5E0962684C9F400FE9BF6 /* RobotoCondensed-Italic.ttf */,
				8FE5E0972684C9F400FE9BF6 /* RobotoCondensed-BoldItalic.ttf */,
				8FE5E0982684C9F400FE9BF6 /* Apache License.txt */,
				8FE5E0992684C9F400FE9BF6 /* RobotoCondensed-LightItalic.ttf */,
				8FE5E09A2684C9F400FE9BF6 /* Roboto-ThinItalic.ttf */,
				8FE5E09B2684C9F400FE9BF6 /* RobotoCondensed-Regular.ttf */,
				8FE5E09C2684C9F400FE9BF6 /* Roboto-BoldItalic.ttf */,
				8FE5E09D2684C9F400FE9BF6 /* Roboto-LightItalic.ttf */,
				8FE5E09E2684C9F400FE9BF6 /* Roboto-Italic.ttf */,
				8FE5E09F2684C9F400FE9BF6 /* Roboto-BlackItalic.ttf */,
				8FE5E0A02684C9F400FE9BF6 /* Roboto-Bold.ttf */,
				8FE5E0A12684C9F400FE9BF6 /* Roboto-Thin.ttf */,
				8FE5E0A22684C9F400FE9BF6 /* Roboto-Black.ttf */,
			);
			path = roboto;
			sourceTree = "<group>";
		};
/* End PBXGroup section */

/* Begin PBXNativeTarget section */
		8F5C4DC3267B86BB003A498A /* Covid app */ = {
			isa = PBXNativeTarget;
			buildConfigurationList = 8F5C4DE9267B86BD003A498A /* Build configuration list for PBXNativeTarget "Covid app" */;
			buildPhases = (
				8F5C4DC0267B86BB003A498A /* Sources */,
				8F5C4DC1267B86BB003A498A /* Frameworks */,
				8F5C4DC2267B86BB003A498A /* Resources */,
			);
			buildRules = (
			);
			dependencies = (
			);
			name = "Covid app";
			productName = "Covid app";
			productReference = 8F5C4DC4267B86BB003A498A /* Covid app.app */;
			productType = "com.apple.product-type.application";
		};
		8F5C4DD4267B86BD003A498A /* Covid appTests */ = {
			isa = PBXNativeTarget;
			buildConfigurationList = 8F5C4DEC267B86BD003A498A /* Build configuration list for PBXNativeTarget "Covid appTests" */;
			buildPhases = (
				8F5C4DD1267B86BD003A498A /* Sources */,
				8F5C4DD2267B86BD003A498A /* Frameworks */,
				8F5C4DD3267B86BD003A498A /* Resources */,
			);
			buildRules = (
			);
			dependencies = (
				8F5C4DD7267B86BD003A498A /* PBXTargetDependency */,
			);
			name = "Covid appTests";
			productName = "Covid appTests";
			productReference = 8F5C4DD5267B86BD003A498A /* Covid appTests.xctest */;
			productType = "com.apple.product-type.bundle.unit-test";
		};
		8F5C4DDF267B86BD003A498A /* Covid appUITests */ = {
			isa = PBXNativeTarget;
			buildConfigurationList = 8F5C4DEF267B86BD003A498A /* Build configuration list for PBXNativeTarget "Covid appUITests" */;
			buildPhases = (
				8F5C4DDC267B86BD003A498A /* Sources */,
				8F5C4DDD267B86BD003A498A /* Frameworks */,
				8F5C4DDE267B86BD003A498A /* Resources */,
			);
			buildRules = (
			);
			dependencies = (
				8F5C4DE2267B86BD003A498A /* PBXTargetDependency */,
			);
			name = "Covid appUITests";
			productName = "Covid appUITests";
			productReference = 8F5C4DE0267B86BD003A498A /* Covid appUITests.xctest */;
			productType = "com.apple.product-type.bundle.ui-testing";
		};
/* End PBXNativeTarget section */

/* Begin PBXProject section */
		8F5C4DBC267B86BB003A498A /* Project object */ = {
			isa = PBXProject;
			attributes = {
				LastSwiftUpdateCheck = 1250;
				LastUpgradeCheck = 1250;
				TargetAttributes = {
					8F5C4DC3267B86BB003A498A = {
						CreatedOnToolsVersion = 12.5;
					};
					8F5C4DD4267B86BD003A498A = {
						CreatedOnToolsVersion = 12.5;
						TestTargetID = 8F5C4DC3267B86BB003A498A;
					};
					8F5C4DDF267B86BD003A498A = {
						CreatedOnToolsVersion = 12.5;
						TestTargetID = 8F5C4DC3267B86BB003A498A;
					};
				};
			};
			buildConfigurationList = 8F5C4DBF267B86BB003A498A /* Build configuration list for PBXProject "Covid app" */;
			compatibilityVersion = "Xcode 9.3";
			developmentRegion = en;
			hasScannedForEncodings = 0;
			knownRegions = (
				en,
				Base,
			);
			mainGroup = 8F5C4DBB267B86BB003A498A;
			productRefGroup = 8F5C4DC5267B86BB003A498A /* Products */;
			projectDirPath = "";
			projectRoot = "";
			targets = (
				8F5C4DC3267B86BB003A498A /* Covid app */,
				8F5C4DD4267B86BD003A498A /* Covid appTests */,
				8F5C4DDF267B86BD003A498A /* Covid appUITests */,
			);
		};
/* End PBXProject section */

/* Begin PBXResourcesBuildPhase section */
		8F5C4DC2267B86BB003A498A /* Resources */ = {
			isa = PBXResourcesBuildPhase;
			buildActionMask = 2147483647;
			files = (
				8FE5E0B82684C9F400FE9BF6 /* RobotoCondensed-BoldItalic.ttf in Resources */,
				8FE5E0D32684C9F400FE9BF6 /* Roboto-Bold.ttf in Resources */,
				8F5C4DCF267B86BC003A498A /* Preview Assets.xcassets in Resources */,
				8FE5E0CA2684C9F400FE9BF6 /* Roboto-LightItalic.ttf in Resources */,
				8FE5E0C42684C9F400FE9BF6 /* RobotoCondensed-Regular.ttf in Resources */,
				8FE5E0C72684C9F400FE9BF6 /* Roboto-BoldItalic.ttf in Resources */,
				8FE5E0AF2684C9F400FE9BF6 /* Roboto-Regular.ttf in Resources */,
				8FE5E0CD2684C9F400FE9BF6 /* Roboto-Italic.ttf in Resources */,
				8FE5E0D62684C9F400FE9BF6 /* Roboto-Thin.ttf in Resources */,
				8FE5E0A92684C9F400FE9BF6 /* RobotoCondensed-Bold.ttf in Resources */,
				8F5C4DCC267B86BC003A498A /* Assets.xcassets in Resources */,
				8FE5E0D92684C9F400FE9BF6 /* Roboto-Black.ttf in Resources */,
				8FE5E0B22684C9F400FE9BF6 /* Roboto-MediumItalic.ttf in Resources */,
				8FE5E0BE2684C9F400FE9BF6 /* RobotoCondensed-LightItalic.ttf in Resources */,
				8FE5E0B52684C9F400FE9BF6 /* RobotoCondensed-Italic.ttf in Resources */,
				8FE5E0A62684C9F400FE9BF6 /* Roboto-Light.ttf in Resources */,
				8FE5E0D02684C9F400FE9BF6 /* Roboto-BlackItalic.ttf in Resources */,
				8FE5E0AC2684C9F400FE9BF6 /* RobotoCondensed-Light.ttf in Resources */,
				8FE5E0BB2684C9F400FE9BF6 /* Apache License.txt in Resources */,
				8FE5E0A32684C9F400FE9BF6 /* Roboto-Medium.ttf in Resources */,
				8FE5E0C12684C9F400FE9BF6 /* Roboto-ThinItalic.ttf in Resources */,
			);
			runOnlyForDeploymentPostprocessing = 0;
		};
		8F5C4DD3267B86BD003A498A /* Resources */ = {
			isa = PBXResourcesBuildPhase;
			buildActionMask = 2147483647;
			files = (
				8FE5E0AA2684C9F400FE9BF6 /* RobotoCondensed-Bold.ttf in Resources */,
				8FE5E0BC2684C9F400FE9BF6 /* Apache License.txt in Resources */,
				8FE5E0CB2684C9F400FE9BF6 /* Roboto-LightItalic.ttf in Resources */,
				8FE5E0BF2684C9F400FE9BF6 /* RobotoCondensed-LightItalic.ttf in Resources */,
				8FE5E0C22684C9F400FE9BF6 /* Roboto-ThinItalic.ttf in Resources */,
				8FE5E0C82684C9F400FE9BF6 /* Roboto-BoldItalic.ttf in Resources */,
				8FE5E0D42684C9F400FE9BF6 /* Roboto-Bold.ttf in Resources */,
				8FE5E0A72684C9F400FE9BF6 /* Roboto-Light.ttf in Resources */,
				8FE5E0D72684C9F400FE9BF6 /* Roboto-Thin.ttf in Resources */,
				8FE5E0D12684C9F400FE9BF6 /* Roboto-BlackItalic.ttf in Resources */,
				8FE5E0CE2684C9F400FE9BF6 /* Roboto-Italic.ttf in Resources */,
				8FE5E0B02684C9F400FE9BF6 /* Roboto-Regular.ttf in Resources */,
				8FE5E0C52684C9F400FE9BF6 /* RobotoCondensed-Regular.ttf in Resources */,
				8FE5E0B62684C9F400FE9BF6 /* RobotoCondensed-Italic.ttf in Resources */,
				8FE5E0DA2684C9F400FE9BF6 /* Roboto-Black.ttf in Resources */,
				8FE5E0AD2684C9F400FE9BF6 /* RobotoCondensed-Light.ttf in Resources */,
				8FE5E0B32684C9F400FE9BF6 /* Roboto-MediumItalic.ttf in Resources */,
				8FE5E0B92684C9F400FE9BF6 /* RobotoCondensed-BoldItalic.ttf in Resources */,
				8FE5E0A42684C9F400FE9BF6 /* Roboto-Medium.ttf in Resources */,
			);
			runOnlyForDeploymentPostprocessing = 0;
		};
		8F5C4DDE267B86BD003A498A /* Resources */ = {
			isa = PBXResourcesBuildPhase;
			buildActionMask = 2147483647;
			files = (
				8FE5E0AB2684C9F400FE9BF6 /* RobotoCondensed-Bold.ttf in Resources */,
				8FE5E0BD2684C9F400FE9BF6 /* Apache License.txt in Resources */,
				8FE5E0CC2684C9F400FE9BF6 /* Roboto-LightItalic.ttf in Resources */,
				8FE5E0C02684C9F400FE9BF6 /* RobotoCondensed-LightItalic.ttf in Resources */,
				8FE5E0C32684C9F400FE9BF6 /* Roboto-ThinItalic.ttf in Resources */,
				8FE5E0C92684C9F400FE9BF6 /* Roboto-BoldItalic.ttf in Resources */,
				8FE5E0D52684C9F400FE9BF6 /* Roboto-Bold.ttf in Resources */,
				8FE5E0A82684C9F400FE9BF6 /* Roboto-Light.ttf in Resources */,
				8FE5E0D82684C9F400FE9BF6 /* Roboto-Thin.ttf in Resources */,
				8FE5E0D22684C9F400FE9BF6 /* Roboto-BlackItalic.ttf in Resources */,
				8FE5E0CF2684C9F400FE9BF6 /* Roboto-Italic.ttf in Resources */,
				8FE5E0B12684C9F400FE9BF6 /* Roboto-Regular.ttf in Resources */,
				8FE5E0C62684C9F400FE9BF6 /* RobotoCondensed-Regular.ttf in Resources */,
				8FE5E0B72684C9F400FE9BF6 /* RobotoCondensed-Italic.ttf in Resources */,
				8FE5E0DB2684C9F400FE9BF6 /* Roboto-Black.ttf in Resources */,
				8FE5E0AE2684C9F400FE9BF6 /* RobotoCondensed-Light.ttf in Resources */,
				8FE5E0B42684C9F400FE9BF6 /* Roboto-MediumItalic.ttf in Resources */,
				8FE5E0BA2684C9F400FE9BF6 /* RobotoCondensed-BoldItalic.ttf in Resources */,
				8FE5E0A52684C9F400FE9BF6 /* Roboto-Medium.ttf in Resources */,
			);
			runOnlyForDeploymentPostprocessing = 0;
		};
/* End PBXResourcesBuildPhase section */

/* Begin PBXSourcesBuildPhase section */
		8F5C4DC0267B86BB003A498A /* Sources */ = {
			isa = PBXSourcesBuildPhase;
			buildActionMask = 2147483647;
			files = (
				8F59EBEE2688C8AD008D3F7C /* AboutView.swift in Sources */,
				8F5C4DCA267B86BB003A498A /* CovidStatsView.swift in Sources */,
				8FC62EC126A9B43A001B9E49 /* DataFetch.swift in Sources */,
				8F59EBEA26861AEB008D3F7C /* NavigationMenuView.swift in Sources */,
				8F5C4DC8267B86BB003A498A /* Covid_appApp.swift in Sources */,
				8F59EBF6268A1664008D3F7C /* Models.swift in Sources */,
			);
			runOnlyForDeploymentPostprocessing = 0;
		};
		8F5C4DD1267B86BD003A498A /* Sources */ = {
			isa = PBXSourcesBuildPhase;
			buildActionMask = 2147483647;
			files = (
				8F59EBF7268A1664008D3F7C /* Models.swift in Sources */,
				8F5C4DDA267B86BD003A498A /* Covid_appTests.swift in Sources */,
				8F59EBEF2688C8AD008D3F7C /* AboutView.swift in Sources */,
				8F59EBEB26861AEB008D3F7C /* NavigationMenuView.swift in Sources */,
			);
			runOnlyForDeploymentPostprocessing = 0;
		};
		8F5C4DDC267B86BD003A498A /* Sources */ = {
			isa = PBXSourcesBuildPhase;
			buildActionMask = 2147483647;
			files = (
				8F59EBF8268A1664008D3F7C /* Models.swift in Sources */,
				8F5C4DE5267B86BD003A498A /* Covid_appUITests.swift in Sources */,
				8F59EBF02688C8AD008D3F7C /* AboutView.swift in Sources */,
				8F59EBEC26861AEB008D3F7C /* NavigationMenuView.swift in Sources */,
			);
			runOnlyForDeploymentPostprocessing = 0;
		};
/* End PBXSourcesBuildPhase section */

/* Begin PBXTargetDependency section */
		8F5C4DD7267B86BD003A498A /* PBXTargetDependency */ = {
			isa = PBXTargetDependency;
			target = 8F5C4DC3267B86BB003A498A /* Covid app */;
			targetProxy = 8F5C4DD6267B86BD003A498A /* PBXContainerItemProxy */;
		};
		8F5C4DE2267B86BD003A498A /* PBXTargetDependency */ = {
			isa = PBXTargetDependency;
			target = 8F5C4DC3267B86BB003A498A /* Covid app */;
			targetProxy = 8F5C4DE1267B86BD003A498A /* PBXContainerItemProxy */;
		};
/* End PBXTargetDependency section */

/* Begin XCBuildConfiguration section */
		8F5C4DE7267B86BD003A498A /* Debug */ = {
			isa = XCBuildConfiguration;
			buildSettings = {
				ALWAYS_SEARCH_USER_PATHS = NO;
				CLANG_ANALYZER_NONNULL = YES;
				CLANG_ANALYZER_NUMBER_OBJECT_CONVERSION = YES_AGGRESSIVE;
				CLANG_CXX_LANGUAGE_STANDARD = "gnu++14";
				CLANG_CXX_LIBRARY = "libc++";
				CLANG_ENABLE_MODULES = YES;
				CLANG_ENABLE_OBJC_ARC = YES;
				CLANG_ENABLE_OBJC_WEAK = YES;
				CLANG_WARN_BLOCK_CAPTURE_AUTORELEASING = YES;
				CLANG_WARN_BOOL_CONVERSION = YES;
				CLANG_WARN_COMMA = YES;
				CLANG_WARN_CONSTANT_CONVERSION = YES;
				CLANG_WARN_DEPRECATED_OBJC_IMPLEMENTATIONS = YES;
				CLANG_WARN_DIRECT_OBJC_ISA_USAGE = YES_ERROR;
				CLANG_WARN_DOCUMENTATION_COMMENTS = YES;
				CLANG_WARN_EMPTY_BODY = YES;
				CLANG_WARN_ENUM_CONVERSION = YES;
				CLANG_WARN_INFINITE_RECURSION = YES;
				CLANG_WARN_INT_CONVERSION = YES;
				CLANG_WARN_NON_LITERAL_NULL_CONVERSION = YES;
				CLANG_WARN_OBJC_IMPLICIT_RETAIN_SELF = YES;
				CLANG_WARN_OBJC_LITERAL_CONVERSION = YES;
				CLANG_WARN_OBJC_ROOT_CLASS = YES_ERROR;
				CLANG_WARN_QUOTED_INCLUDE_IN_FRAMEWORK_HEADER = YES;
				CLANG_WARN_RANGE_LOOP_ANALYSIS = YES;
				CLANG_WARN_STRICT_PROTOTYPES = YES;
				CLANG_WARN_SUSPICIOUS_MOVE = YES;
				CLANG_WARN_UNGUARDED_AVAILABILITY = YES_AGGRESSIVE;
				CLANG_WARN_UNREACHABLE_CODE = YES;
				CLANG_WARN__DUPLICATE_METHOD_MATCH = YES;
				COPY_PHASE_STRIP = NO;
				DEBUG_INFORMATION_FORMAT = dwarf;
				ENABLE_STRICT_OBJC_MSGSEND = YES;
				ENABLE_TESTABILITY = YES;
				GCC_C_LANGUAGE_STANDARD = gnu11;
				GCC_DYNAMIC_NO_PIC = NO;
				GCC_NO_COMMON_BLOCKS = YES;
				GCC_OPTIMIZATION_LEVEL = 0;
				GCC_PREPROCESSOR_DEFINITIONS = (
					"DEBUG=1",
					"$(inherited)",
				);
				GCC_WARN_64_TO_32_BIT_CONVERSION = YES;
				GCC_WARN_ABOUT_RETURN_TYPE = YES_ERROR;
				GCC_WARN_UNDECLARED_SELECTOR = YES;
				GCC_WARN_UNINITIALIZED_AUTOS = YES_AGGRESSIVE;
				GCC_WARN_UNUSED_FUNCTION = YES;
				GCC_WARN_UNUSED_VARIABLE = YES;
				IPHONEOS_DEPLOYMENT_TARGET = 14.5;
				MTL_ENABLE_DEBUG_INFO = INCLUDE_SOURCE;
				MTL_FAST_MATH = YES;
				ONLY_ACTIVE_ARCH = YES;
				SDKROOT = iphoneos;
				SWIFT_ACTIVE_COMPILATION_CONDITIONS = DEBUG;
				SWIFT_OPTIMIZATION_LEVEL = "-Onone";
			};
			name = Debug;
		};
		8F5C4DE8267B86BD003A498A /* Release */ = {
			isa = XCBuildConfiguration;
			buildSettings = {
				ALWAYS_SEARCH_USER_PATHS = NO;
				CLANG_ANALYZER_NONNULL = YES;
				CLANG_ANALYZER_NUMBER_OBJECT_CONVERSION = YES_AGGRESSIVE;
				CLANG_CXX_LANGUAGE_STANDARD = "gnu++14";
				CLANG_CXX_LIBRARY = "libc++";
				CLANG_ENABLE_MODULES = YES;
				CLANG_ENABLE_OBJC_ARC = YES;
				CLANG_ENABLE_OBJC_WEAK = YES;
				CLANG_WARN_BLOCK_CAPTURE_AUTORELEASING = YES;
				CLANG_WARN_BOOL_CONVERSION = YES;
				CLANG_WARN_COMMA = YES;
				CLANG_WARN_CONSTANT_CONVERSION = YES;
				CLANG_WARN_DEPRECATED_OBJC_IMPLEMENTATIONS = YES;
				CLANG_WARN_DIRECT_OBJC_ISA_USAGE = YES_ERROR;
				CLANG_WARN_DOCUMENTATION_COMMENTS = YES;
				CLANG_WARN_EMPTY_BODY = YES;
				CLANG_WARN_ENUM_CONVERSION = YES;
				CLANG_WARN_INFINITE_RECURSION = YES;
				CLANG_WARN_INT_CONVERSION = YES;
				CLANG_WARN_NON_LITERAL_NULL_CONVERSION = YES;
				CLANG_WARN_OBJC_IMPLICIT_RETAIN_SELF = YES;
				CLANG_WARN_OBJC_LITERAL_CONVERSION = YES;
				CLANG_WARN_OBJC_ROOT_CLASS = YES_ERROR;
				CLANG_WARN_QUOTED_INCLUDE_IN_FRAMEWORK_HEADER = YES;
				CLANG_WARN_RANGE_LOOP_ANALYSIS = YES;
				CLANG_WARN_STRICT_PROTOTYPES = YES;
				CLANG_WARN_SUSPICIOUS_MOVE = YES;
				CLANG_WARN_UNGUARDED_AVAILABILITY = YES_AGGRESSIVE;
				CLANG_WARN_UNREACHABLE_CODE = YES;
				CLANG_WARN__DUPLICATE_METHOD_MATCH = YES;
				COPY_PHASE_STRIP = NO;
				DEBUG_INFORMATION_FORMAT = "dwarf-with-dsym";
				ENABLE_NS_ASSERTIONS = NO;
				ENABLE_STRICT_OBJC_MSGSEND = YES;
				GCC_C_LANGUAGE_STANDARD = gnu11;
				GCC_NO_COMMON_BLOCKS = YES;
				GCC_WARN_64_TO_32_BIT_CONVERSION = YES;
				GCC_WARN_ABOUT_RETURN_TYPE = YES_ERROR;
				GCC_WARN_UNDECLARED_SELECTOR = YES;
				GCC_WARN_UNINITIALIZED_AUTOS = YES_AGGRESSIVE;
				GCC_WARN_UNUSED_FUNCTION = YES;
				GCC_WARN_UNUSED_VARIABLE = YES;
				IPHONEOS_DEPLOYMENT_TARGET = 14.5;
				MTL_ENABLE_DEBUG_INFO = NO;
				MTL_FAST_MATH = YES;
				SDKROOT = iphoneos;
				SWIFT_COMPILATION_MODE = wholemodule;
				SWIFT_OPTIMIZATION_LEVEL = "-O";
				VALIDATE_PRODUCT = YES;
			};
			name = Release;
		};
		8F5C4DEA267B86BD003A498A /* Debug */ = {
			isa = XCBuildConfiguration;
			buildSettings = {
				ASSETCATALOG_COMPILER_APPICON_NAME = AppIcon;
				ASSETCATALOG_COMPILER_GLOBAL_ACCENT_COLOR_NAME = AccentColor;
				CODE_SIGN_STYLE = Automatic;
				DEVELOPMENT_ASSET_PATHS = "\"Covid app/Preview Content\"";
				ENABLE_PREVIEWS = YES;
				INFOPLIST_FILE = "Covid app/Info.plist";
				IPHONEOS_DEPLOYMENT_TARGET = 14.0;
				LD_RUNPATH_SEARCH_PATHS = (
					"$(inherited)",
					"@executable_path/Frameworks",
				);
				PRODUCT_BUNDLE_IDENTIFIER = "funnn.Covid-app";
				PRODUCT_NAME = "$(TARGET_NAME)";
				SWIFT_VERSION = 5.0;
				TARGETED_DEVICE_FAMILY = "1,2";
			};
			name = Debug;
		};
		8F5C4DEB267B86BD003A498A /* Release */ = {
			isa = XCBuildConfiguration;
			buildSettings = {
				ASSETCATALOG_COMPILER_APPICON_NAME = AppIcon;
				ASSETCATALOG_COMPILER_GLOBAL_ACCENT_COLOR_NAME = AccentColor;
				CODE_SIGN_STYLE = Automatic;
				DEVELOPMENT_ASSET_PATHS = "\"Covid app/Preview Content\"";
				ENABLE_PREVIEWS = YES;
				INFOPLIST_FILE = "Covid app/Info.plist";
				IPHONEOS_DEPLOYMENT_TARGET = 14.0;
				LD_RUNPATH_SEARCH_PATHS = (
					"$(inherited)",
					"@executable_path/Frameworks",
				);
				PRODUCT_BUNDLE_IDENTIFIER = "funnn.Covid-app";
				PRODUCT_NAME = "$(TARGET_NAME)";
				SWIFT_VERSION = 5.0;
				TARGETED_DEVICE_FAMILY = "1,2";
			};
			name = Release;
		};
		8F5C4DED267B86BD003A498A /* Debug */ = {
			isa = XCBuildConfiguration;
			buildSettings = {
				ALWAYS_EMBED_SWIFT_STANDARD_LIBRARIES = YES;
				BUNDLE_LOADER = "$(TEST_HOST)";
				CODE_SIGN_STYLE = Automatic;
				INFOPLIST_FILE = "Covid appTests/Info.plist";
				IPHONEOS_DEPLOYMENT_TARGET = 14.0;
				LD_RUNPATH_SEARCH_PATHS = (
					"$(inherited)",
					"@executable_path/Frameworks",
					"@loader_path/Frameworks",
				);
				PRODUCT_BUNDLE_IDENTIFIER = "funnn.Covid-appTests";
				PRODUCT_NAME = "$(TARGET_NAME)";
				SWIFT_VERSION = 5.0;
				TARGETED_DEVICE_FAMILY = "1,2";
				TEST_HOST = "$(BUILT_PRODUCTS_DIR)/Covid app.app/Covid app";
			};
			name = Debug;
		};
		8F5C4DEE267B86BD003A498A /* Release */ = {
			isa = XCBuildConfiguration;
			buildSettings = {
				ALWAYS_EMBED_SWIFT_STANDARD_LIBRARIES = YES;
				BUNDLE_LOADER = "$(TEST_HOST)";
				CODE_SIGN_STYLE = Automatic;
				INFOPLIST_FILE = "Covid appTests/Info.plist";
				IPHONEOS_DEPLOYMENT_TARGET = 14.0;
				LD_RUNPATH_SEARCH_PATHS = (
					"$(inherited)",
					"@executable_path/Frameworks",
					"@loader_path/Frameworks",
				);
				PRODUCT_BUNDLE_IDENTIFIER = "funnn.Covid-appTests";
				PRODUCT_NAME = "$(TARGET_NAME)";
				SWIFT_VERSION = 5.0;
				TARGETED_DEVICE_FAMILY = "1,2";
				TEST_HOST = "$(BUILT_PRODUCTS_DIR)/Covid app.app/Covid app";
			};
			name = Release;
		};
		8F5C4DF0267B86BD003A498A /* Debug */ = {
			isa = XCBuildConfiguration;
			buildSettings = {
				ALWAYS_EMBED_SWIFT_STANDARD_LIBRARIES = YES;
				CODE_SIGN_STYLE = Automatic;
				INFOPLIST_FILE = "Covid appUITests/Info.plist";
				LD_RUNPATH_SEARCH_PATHS = (
					"$(inherited)",
					"@executable_path/Frameworks",
					"@loader_path/Frameworks",
				);
				PRODUCT_BUNDLE_IDENTIFIER = "funnn.Covid-appUITests";
				PRODUCT_NAME = "$(TARGET_NAME)";
				SWIFT_VERSION = 5.0;
				TARGETED_DEVICE_FAMILY = "1,2";
				TEST_TARGET_NAME = "Covid app";
			};
			name = Debug;
		};
		8F5C4DF1267B86BD003A498A /* Release */ = {
			isa = XCBuildConfiguration;
			buildSettings = {
				ALWAYS_EMBED_SWIFT_STANDARD_LIBRARIES = YES;
				CODE_SIGN_STYLE = Automatic;
				INFOPLIST_FILE = "Covid appUITests/Info.plist";
				LD_RUNPATH_SEARCH_PATHS = (
					"$(inherited)",
					"@executable_path/Frameworks",
					"@loader_path/Frameworks",
				);
				PRODUCT_BUNDLE_IDENTIFIER = "funnn.Covid-appUITests";
				PRODUCT_NAME = "$(TARGET_NAME)";
				SWIFT_VERSION = 5.0;
				TARGETED_DEVICE_FAMILY = "1,2";
				TEST_TARGET_NAME = "Covid app";
			};
			name = Release;
		};
/* End XCBuildConfiguration section */

/* Begin XCConfigurationList section */
		8F5C4DBF267B86BB003A498A /* Build configuration list for PBXProject "Covid app" */ = {
			isa = XCConfigurationList;
			buildConfigurations = (
				8F5C4DE7267B86BD003A498A /* Debug */,
				8F5C4DE8267B86BD003A498A /* Release */,
			);
			defaultConfigurationIsVisible = 0;
			defaultConfigurationName = Release;
		};
		8F5C4DE9267B86BD003A498A /* Build configuration list for PBXNativeTarget "Covid app" */ = {
			isa = XCConfigurationList;
			buildConfigurations = (
				8F5C4DEA267B86BD003A498A /* Debug */,
				8F5C4DEB267B86BD003A498A /* Release */,
			);
			defaultConfigurationIsVisible = 0;
			defaultConfigurationName = Release;
		};
		8F5C4DEC267B86BD003A498A /* Build configuration list for PBXNativeTarget "Covid appTests" */ = {
			isa = XCConfigurationList;
			buildConfigurations = (
				8F5C4DED267B86BD003A498A /* Debug */,
				8F5C4DEE267B86BD003A498A /* Release */,
			);
			defaultConfigurationIsVisible = 0;
			defaultConfigurationName = Release;
		};
		8F5C4DEF267B86BD003A498A /* Build configuration list for PBXNativeTarget "Covid appUITests" */ = {
			isa = XCConfigurationList;
			buildConfigurations = (
				8F5C4DF0267B86BD003A498A /* Debug */,
				8F5C4DF1267B86BD003A498A /* Release */,
			);
			defaultConfigurationIsVisible = 0;
			defaultConfigurationName = Release;
		};
/* End XCConfigurationList section */
	};
	rootObject = 8F5C4DBC267B86BB003A498A /* Project object */;
}
